// !$*UTF8*$!
{
	archiveVersion = 1;
	classes = {
	};
	objectVersion = 56;
	objects = {

/* Begin PBXBuildFile section */
		27252A862C71D58C005CABFD /* PoincaresSdk.framework in Embed Frameworks */ = {isa = PBXBuildFile; fileRef = 27252A782C71D353005CABFD /* PoincaresSdk.framework */; settings = {ATTRIBUTES = (CodeSignOnCopy, RemoveHeadersOnCopy, ); }; };
		27A3D5922C41117200EBDC25 /* AppDelegate.m in Sources */ = {isa = PBXBuildFile; fileRef = 27A3D5912C41117200EBDC25 /* AppDelegate.m */; };
		27A3D5952C41117200EBDC25 /* SceneDelegate.m in Sources */ = {isa = PBXBuildFile; fileRef = 27A3D5942C41117200EBDC25 /* SceneDelegate.m */; };
		27A3D5982C41117200EBDC25 /* ViewController.m in Sources */ = {isa = PBXBuildFile; fileRef = 27A3D5972C41117200EBDC25 /* ViewController.m */; };
		27A3D59B2C41117200EBDC25 /* Base in Resources */ = {isa = PBXBuildFile; fileRef = 27A3D59A2C41117200EBDC25 /* Base */; };
		27A3D59D2C41117300EBDC25 /* Assets.xcassets in Resources */ = {isa = PBXBuildFile; fileRef = 27A3D59C2C41117300EBDC25 /* Assets.xcassets */; };
		27A3D5A02C41117300EBDC25 /* Base in Resources */ = {isa = PBXBuildFile; fileRef = 27A3D59F2C41117300EBDC25 /* Base */; };
		27A3D5A32C41117300EBDC25 /* main.m in Sources */ = {isa = PBXBuildFile; fileRef = 27A3D5A22C41117300EBDC25 /* main.m */; };
		27A3D5AD2C41117400EBDC25 /* PoincaresSdkDemoTests.m in Sources */ = {isa = PBXBuildFile; fileRef = 27A3D5AC2C41117400EBDC25 /* PoincaresSdkDemoTests.m */; };
		27A3D5B72C41117400EBDC25 /* PoincaresSdkDemoUITests.m in Sources */ = {isa = PBXBuildFile; fileRef = 27A3D5B62C41117400EBDC25 /* PoincaresSdkDemoUITests.m */; };
		27A3D5B92C41117400EBDC25 /* PoincaresSdkDemoUITestsLaunchTests.m in Sources */ = {isa = PBXBuildFile; fileRef = 27A3D5B82C41117400EBDC25 /* PoincaresSdkDemoUITestsLaunchTests.m */; };
		27A3D7212C4214DD00EBDC25 /* PoincareWrapper.m in Sources */ = {isa = PBXBuildFile; fileRef = 27A3D7202C4214DD00EBDC25 /* PoincareWrapper.m */; };
/* End PBXBuildFile section */

/* Begin PBXContainerItemProxy section */
		27A3D5A92C41117400EBDC25 /* PBXContainerItemProxy */ = {
			isa = PBXContainerItemProxy;
			containerPortal = 27A3D5852C41117200EBDC25 /* Project object */;
			proxyType = 1;
			remoteGlobalIDString = 27A3D58C2C41117200EBDC25;
			remoteInfo = PoincaresSdkDemo;
		};
		27A3D5B32C41117400EBDC25 /* PBXContainerItemProxy */ = {
			isa = PBXContainerItemProxy;
			containerPortal = 27A3D5852C41117200EBDC25 /* Project object */;
			proxyType = 1;
			remoteGlobalIDString = 27A3D58C2C41117200EBDC25;
			remoteInfo = PoincaresSdkDemo;
		};
/* End PBXContainerItemProxy section */

/* Begin PBXCopyFilesBuildPhase section */
		27A3D5D12C41212500EBDC25 /* Embed Frameworks */ = {
			isa = PBXCopyFilesBuildPhase;
			buildActionMask = 12;
			dstPath = "";
			dstSubfolderSpec = 10;
			files = (
				27252A862C71D58C005CABFD /* PoincaresSdk.framework in Embed Frameworks */,
			);
			name = "Embed Frameworks";
			runOnlyForDeploymentPostprocessing = 0;
		};
/* End PBXCopyFilesBuildPhase section */

/* Begin PBXFileReference section */
		27252A782C71D353005CABFD /* PoincaresSdk.framework */ = {isa = PBXFileReference; lastKnownFileType = wrapper.framework; path = PoincaresSdk.framework; sourceTree = "<group>"; };
		27A3D58D2C41117200EBDC25 /* PoincaresSdkDemo.app */ = {isa = PBXFileReference; explicitFileType = wrapper.application; includeInIndex = 0; path = PoincaresSdkDemo.app; sourceTree = BUILT_PRODUCTS_DIR; };
		27A3D5902C41117200EBDC25 /* AppDelegate.h */ = {isa = PBXFileReference; lastKnownFileType = sourcecode.c.h; path = AppDelegate.h; sourceTree = "<group>"; };
		27A3D5912C41117200EBDC25 /* AppDelegate.m */ = {isa = PBXFileReference; lastKnownFileType = sourcecode.c.objc; path = AppDelegate.m; sourceTree = "<group>"; };
		27A3D5932C41117200EBDC25 /* SceneDelegate.h */ = {isa = PBXFileReference; lastKnownFileType = sourcecode.c.h; path = SceneDelegate.h; sourceTree = "<group>"; };
		27A3D5942C41117200EBDC25 /* SceneDelegate.m */ = {isa = PBXFileReference; lastKnownFileType = sourcecode.c.objc; path = SceneDelegate.m; sourceTree = "<group>"; };
		27A3D5962C41117200EBDC25 /* ViewController.h */ = {isa = PBXFileReference; lastKnownFileType = sourcecode.c.h; path = ViewController.h; sourceTree = "<group>"; };
		27A3D5972C41117200EBDC25 /* ViewController.m */ = {isa = PBXFileReference; lastKnownFileType = sourcecode.c.objc; path = ViewController.m; sourceTree = "<group>"; };
		27A3D59A2C41117200EBDC25 /* Base */ = {isa = PBXFileReference; lastKnownFileType = file.storyboard; name = Base; path = Base.lproj/Main.storyboard; sourceTree = "<group>"; };
		27A3D59C2C41117300EBDC25 /* Assets.xcassets */ = {isa = PBXFileReference; lastKnownFileType = folder.assetcatalog; path = Assets.xcassets; sourceTree = "<group>"; };
		27A3D59F2C41117300EBDC25 /* Base */ = {isa = PBXFileReference; lastKnownFileType = file.storyboard; name = Base; path = Base.lproj/LaunchScreen.storyboard; sourceTree = "<group>"; };
		27A3D5A12C41117300EBDC25 /* Info.plist */ = {isa = PBXFileReference; lastKnownFileType = text.plist.xml; path = Info.plist; sourceTree = "<group>"; };
		27A3D5A22C41117300EBDC25 /* main.m */ = {isa = PBXFileReference; lastKnownFileType = sourcecode.c.objc; path = main.m; sourceTree = "<group>"; };
		27A3D5A82C41117400EBDC25 /* PoincaresSdkDemoTests.xctest */ = {isa = PBXFileReference; explicitFileType = wrapper.cfbundle; includeInIndex = 0; path = PoincaresSdkDemoTests.xctest; sourceTree = BUILT_PRODUCTS_DIR; };
		27A3D5AC2C41117400EBDC25 /* PoincaresSdkDemoTests.m */ = {isa = PBXFileReference; lastKnownFileType = sourcecode.c.objc; path = PoincaresSdkDemoTests.m; sourceTree = "<group>"; };
		27A3D5B22C41117400EBDC25 /* PoincaresSdkDemoUITests.xctest */ = {isa = PBXFileReference; explicitFileType = wrapper.cfbundle; includeInIndex = 0; path = PoincaresSdkDemoUITests.xctest; sourceTree = BUILT_PRODUCTS_DIR; };
		27A3D5B62C41117400EBDC25 /* PoincaresSdkDemoUITests.m */ = {isa = PBXFileReference; lastKnownFileType = sourcecode.c.objc; path = PoincaresSdkDemoUITests.m; sourceTree = "<group>"; };
		27A3D5B82C41117400EBDC25 /* PoincaresSdkDemoUITestsLaunchTests.m */ = {isa = PBXFileReference; lastKnownFileType = sourcecode.c.objc; path = PoincaresSdkDemoUITestsLaunchTests.m; sourceTree = "<group>"; };
		27A3D71F2C4214DD00EBDC25 /* PoincareWrapper.h */ = {isa = PBXFileReference; fileEncoding = 4; lastKnownFileType = sourcecode.c.h; path = PoincareWrapper.h; sourceTree = "<group>"; };
		27A3D7202C4214DD00EBDC25 /* PoincareWrapper.m */ = {isa = PBXFileReference; fileEncoding = 4; lastKnownFileType = sourcecode.c.objc; path = PoincareWrapper.m; sourceTree = "<group>"; };
		27D2D2B92C75CABD0002D8A6 /* AdSupport.framework */ = {isa = PBXFileReference; lastKnownFileType = wrapper.framework; name = AdSupport.framework; path = System/Library/Frameworks/AdSupport.framework; sourceTree = SDKROOT; };
		27D2D2BB2C75CACA0002D8A6 /* CoreTelephony.framework */ = {isa = PBXFileReference; lastKnownFileType = wrapper.framework; name = CoreTelephony.framework; path = System/Library/Frameworks/CoreTelephony.framework; sourceTree = SDKROOT; };
		27D2D2BD2C75CAD60002D8A6 /* Foundation.framework */ = {isa = PBXFileReference; lastKnownFileType = wrapper.framework; name = Foundation.framework; path = System/Library/Frameworks/Foundation.framework; sourceTree = SDKROOT; };
		27D2D2BF2C75CAE90002D8A6 /* libcompression.tbd */ = {isa = PBXFileReference; lastKnownFileType = "sourcecode.text-based-dylib-definition"; name = libcompression.tbd; path = usr/lib/libcompression.tbd; sourceTree = SDKROOT; };
		27D2D2C12C75CAFF0002D8A6 /* libresolv.tbd */ = {isa = PBXFileReference; lastKnownFileType = "sourcecode.text-based-dylib-definition"; name = libresolv.tbd; path = usr/lib/libresolv.tbd; sourceTree = SDKROOT; };
		27D2D2C32C75CB0D0002D8A6 /* Network.framework */ = {isa = PBXFileReference; lastKnownFileType = wrapper.framework; name = Network.framework; path = System/Library/Frameworks/Network.framework; sourceTree = SDKROOT; };
		27D2D2C52C75CB150002D8A6 /* SystemConfiguration.framework */ = {isa = PBXFileReference; lastKnownFileType = wrapper.framework; name = SystemConfiguration.framework; path = System/Library/Frameworks/SystemConfiguration.framework; sourceTree = SDKROOT; };
		27D2D2C72C75CB250002D8A6 /* UIKit.framework */ = {isa = PBXFileReference; lastKnownFileType = wrapper.framework; name = UIKit.framework; path = System/Library/Frameworks/UIKit.framework; sourceTree = SDKROOT; };
/* End PBXFileReference section */

/* Begin PBXFrameworksBuildPhase section */
		27A3D58A2C41117200EBDC25 /* Frameworks */ = {
			isa = PBXFrameworksBuildPhase;
			buildActionMask = 2147483647;
			files = (
			);
			runOnlyForDeploymentPostprocessing = 0;
		};
		27A3D5A52C41117400EBDC25 /* Frameworks */ = {
			isa = PBXFrameworksBuildPhase;
			buildActionMask = 2147483647;
			files = (
			);
			runOnlyForDeploymentPostprocessing = 0;
		};
		27A3D5AF2C41117400EBDC25 /* Frameworks */ = {
			isa = PBXFrameworksBuildPhase;
			buildActionMask = 2147483647;
			files = (
			);
			runOnlyForDeploymentPostprocessing = 0;
		};
/* End PBXFrameworksBuildPhase section */

/* Begin PBXGroup section */
		27252A792C71D353005CABFD /* sdk */ = {
			isa = PBXGroup;
			children = (
				27252A782C71D353005CABFD /* PoincaresSdk.framework */,
			);
			path = sdk;
			sourceTree = "<group>";
		};
		27A3D5842C41117200EBDC25 = {
			isa = PBXGroup;
			children = (
				27A3D58F2C41117200EBDC25 /* PoincaresSdkDemo */,
				27A3D5AB2C41117400EBDC25 /* PoincaresSdkDemoTests */,
				27A3D5B52C41117400EBDC25 /* PoincaresSdkDemoUITests */,
				27A3D58E2C41117200EBDC25 /* Products */,
				27A3D5CE2C41212500EBDC25 /* Frameworks */,
			);
			sourceTree = "<group>";
		};
		27A3D58E2C41117200EBDC25 /* Products */ = {
			isa = PBXGroup;
			children = (
				27A3D58D2C41117200EBDC25 /* PoincaresSdkDemo.app */,
				27A3D5A82C41117400EBDC25 /* PoincaresSdkDemoTests.xctest */,
				27A3D5B22C41117400EBDC25 /* PoincaresSdkDemoUITests.xctest */,
			);
			name = Products;
			sourceTree = "<group>";
		};
		27A3D58F2C41117200EBDC25 /* PoincaresSdkDemo */ = {
			isa = PBXGroup;
			children = (
				27252A792C71D353005CABFD /* sdk */,
				27A3D7222C42400E00EBDC25 /* AppIcon.appiconset */,
				27A3D71F2C4214DD00EBDC25 /* PoincareWrapper.h */,
				27A3D7202C4214DD00EBDC25 /* PoincareWrapper.m */,
				27A3D5902C41117200EBDC25 /* AppDelegate.h */,
				27A3D5912C41117200EBDC25 /* AppDelegate.m */,
				27A3D5932C41117200EBDC25 /* SceneDelegate.h */,
				27A3D5942C41117200EBDC25 /* SceneDelegate.m */,
				27A3D5962C41117200EBDC25 /* ViewController.h */,
				27A3D5972C41117200EBDC25 /* ViewController.m */,
				27A3D5992C41117200EBDC25 /* Main.storyboard */,
				27A3D59C2C41117300EBDC25 /* Assets.xcassets */,
				27A3D59E2C41117300EBDC25 /* LaunchScreen.storyboard */,
				27A3D5A12C41117300EBDC25 /* Info.plist */,
				27A3D5A22C41117300EBDC25 /* main.m */,
			);
			path = PoincaresSdkDemo;
			sourceTree = "<group>";
		};
		27A3D5AB2C41117400EBDC25 /* PoincaresSdkDemoTests */ = {
			isa = PBXGroup;
			children = (
				27A3D5AC2C41117400EBDC25 /* PoincaresSdkDemoTests.m */,
			);
			path = PoincaresSdkDemoTests;
			sourceTree = "<group>";
		};
		27A3D5B52C41117400EBDC25 /* PoincaresSdkDemoUITests */ = {
			isa = PBXGroup;
			children = (
				27A3D5B62C41117400EBDC25 /* PoincaresSdkDemoUITests.m */,
				27A3D5B82C41117400EBDC25 /* PoincaresSdkDemoUITestsLaunchTests.m */,
			);
			path = PoincaresSdkDemoUITests;
			sourceTree = "<group>";
		};
		27A3D5CE2C41212500EBDC25 /* Frameworks */ = {
			isa = PBXGroup;
			children = (
				27D2D2C72C75CB250002D8A6 /* UIKit.framework */,
				27D2D2C52C75CB150002D8A6 /* SystemConfiguration.framework */,
				27D2D2C32C75CB0D0002D8A6 /* Network.framework */,
				27D2D2C12C75CAFF0002D8A6 /* libresolv.tbd */,
				27D2D2BF2C75CAE90002D8A6 /* libcompression.tbd */,
				27D2D2BD2C75CAD60002D8A6 /* Foundation.framework */,
				27D2D2BB2C75CACA0002D8A6 /* CoreTelephony.framework */,
				27D2D2B92C75CABD0002D8A6 /* AdSupport.framework */,
			);
			name = Frameworks;
			sourceTree = "<group>";
		};
		27A3D7222C42400E00EBDC25 /* AppIcon.appiconset */ = {
			isa = PBXGroup;
			children = (
			);
			path = AppIcon.appiconset;
			sourceTree = "<group>";
		};
/* End PBXGroup section */

/* Begin PBXNativeTarget section */
		27A3D58C2C41117200EBDC25 /* PoincaresSdkDemo */ = {
			isa = PBXNativeTarget;
			buildConfigurationList = 27A3D5BC2C41117400EBDC25 /* Build configuration list for PBXNativeTarget "PoincaresSdkDemo" */;
			buildPhases = (
				27A3D5892C41117200EBDC25 /* Sources */,
				27A3D58A2C41117200EBDC25 /* Frameworks */,
				27A3D58B2C41117200EBDC25 /* Resources */,
				27A3D5D12C41212500EBDC25 /* Embed Frameworks */,
			);
			buildRules = (
			);
			dependencies = (
			);
			name = PoincaresSdkDemo;
			productName = PoincaresSdkDemo;
			productReference = 27A3D58D2C41117200EBDC25 /* PoincaresSdkDemo.app */;
			productType = "com.apple.product-type.application";
		};
		27A3D5A72C41117400EBDC25 /* PoincaresSdkDemoTests */ = {
			isa = PBXNativeTarget;
			buildConfigurationList = 27A3D5BF2C41117400EBDC25 /* Build configuration list for PBXNativeTarget "PoincaresSdkDemoTests" */;
			buildPhases = (
				27A3D5A42C41117400EBDC25 /* Sources */,
				27A3D5A52C41117400EBDC25 /* Frameworks */,
				27A3D5A62C41117400EBDC25 /* Resources */,
			);
			buildRules = (
			);
			dependencies = (
				27A3D5AA2C41117400EBDC25 /* PBXTargetDependency */,
			);
			name = PoincaresSdkDemoTests;
			productName = PoincaresSdkDemoTests;
			productReference = 27A3D5A82C41117400EBDC25 /* PoincaresSdkDemoTests.xctest */;
			productType = "com.apple.product-type.bundle.unit-test";
		};
		27A3D5B12C41117400EBDC25 /* PoincaresSdkDemoUITests */ = {
			isa = PBXNativeTarget;
			buildConfigurationList = 27A3D5C22C41117400EBDC25 /* Build configuration list for PBXNativeTarget "PoincaresSdkDemoUITests" */;
			buildPhases = (
				27A3D5AE2C41117400EBDC25 /* Sources */,
				27A3D5AF2C41117400EBDC25 /* Frameworks */,
				27A3D5B02C41117400EBDC25 /* Resources */,
			);
			buildRules = (
			);
			dependencies = (
				27A3D5B42C41117400EBDC25 /* PBXTargetDependency */,
			);
			name = PoincaresSdkDemoUITests;
			productName = PoincaresSdkDemoUITests;
			productReference = 27A3D5B22C41117400EBDC25 /* PoincaresSdkDemoUITests.xctest */;
			productType = "com.apple.product-type.bundle.ui-testing";
		};
/* End PBXNativeTarget section */

/* Begin PBXProject section */
		27A3D5852C41117200EBDC25 /* Project object */ = {
			isa = PBXProject;
			attributes = {
				BuildIndependentTargetsInParallel = 1;
				LastUpgradeCheck = 1540;
				TargetAttributes = {
					27A3D58C2C41117200EBDC25 = {
						CreatedOnToolsVersion = 15.4;
					};
					27A3D5A72C41117400EBDC25 = {
						CreatedOnToolsVersion = 15.4;
						TestTargetID = 27A3D58C2C41117200EBDC25;
					};
					27A3D5B12C41117400EBDC25 = {
						CreatedOnToolsVersion = 15.4;
						TestTargetID = 27A3D58C2C41117200EBDC25;
					};
				};
			};
			buildConfigurationList = 27A3D5882C41117200EBDC25 /* Build configuration list for PBXProject "PoincaresSdkDemo" */;
			compatibilityVersion = "Xcode 14.0";
			developmentRegion = en;
			hasScannedForEncodings = 0;
			knownRegions = (
				en,
				Base,
			);
			mainGroup = 27A3D5842C41117200EBDC25;
			productRefGroup = 27A3D58E2C41117200EBDC25 /* Products */;
			projectDirPath = "";
			projectRoot = "";
			targets = (
				27A3D58C2C41117200EBDC25 /* PoincaresSdkDemo */,
				27A3D5A72C41117400EBDC25 /* PoincaresSdkDemoTests */,
				27A3D5B12C41117400EBDC25 /* PoincaresSdkDemoUITests */,
			);
		};
/* End PBXProject section */

/* Begin PBXResourcesBuildPhase section */
		27A3D58B2C41117200EBDC25 /* Resources */ = {
			isa = PBXResourcesBuildPhase;
			buildActionMask = 2147483647;
			files = (
				27A3D59D2C41117300EBDC25 /* Assets.xcassets in Resources */,
				27A3D5A02C41117300EBDC25 /* Base in Resources */,
				27A3D59B2C41117200EBDC25 /* Base in Resources */,
			);
			runOnlyForDeploymentPostprocessing = 0;
		};
		27A3D5A62C41117400EBDC25 /* Resources */ = {
			isa = PBXResourcesBuildPhase;
			buildActionMask = 2147483647;
			files = (
			);
			runOnlyForDeploymentPostprocessing = 0;
		};
		27A3D5B02C41117400EBDC25 /* Resources */ = {
			isa = PBXResourcesBuildPhase;
			buildActionMask = 2147483647;
			files = (
			);
			runOnlyForDeploymentPostprocessing = 0;
		};
/* End PBXResourcesBuildPhase section */

/* Begin PBXSourcesBuildPhase section */
		27A3D5892C41117200EBDC25 /* Sources */ = {
			isa = PBXSourcesBuildPhase;
			buildActionMask = 2147483647;
			files = (
				27A3D5982C41117200EBDC25 /* ViewController.m in Sources */,
				27A3D5922C41117200EBDC25 /* AppDelegate.m in Sources */,
				27A3D5A32C41117300EBDC25 /* main.m in Sources */,
				27A3D5952C41117200EBDC25 /* SceneDelegate.m in Sources */,
				27A3D7212C4214DD00EBDC25 /* PoincareWrapper.m in Sources */,
			);
			runOnlyForDeploymentPostprocessing = 0;
		};
		27A3D5A42C41117400EBDC25 /* Sources */ = {
			isa = PBXSourcesBuildPhase;
			buildActionMask = 2147483647;
			files = (
				27A3D5AD2C41117400EBDC25 /* PoincaresSdkDemoTests.m in Sources */,
			);
			runOnlyForDeploymentPostprocessing = 0;
		};
		27A3D5AE2C41117400EBDC25 /* Sources */ = {
			isa = PBXSourcesBuildPhase;
			buildActionMask = 2147483647;
			files = (
				27A3D5B72C41117400EBDC25 /* PoincaresSdkDemoUITests.m in Sources */,
				27A3D5B92C41117400EBDC25 /* PoincaresSdkDemoUITestsLaunchTests.m in Sources */,
			);
			runOnlyForDeploymentPostprocessing = 0;
		};
/* End PBXSourcesBuildPhase section */

/* Begin PBXTargetDependency section */
		27A3D5AA2C41117400EBDC25 /* PBXTargetDependency */ = {
			isa = PBXTargetDependency;
			target = 27A3D58C2C41117200EBDC25 /* PoincaresSdkDemo */;
			targetProxy = 27A3D5A92C41117400EBDC25 /* PBXContainerItemProxy */;
		};
		27A3D5B42C41117400EBDC25 /* PBXTargetDependency */ = {
			isa = PBXTargetDependency;
			target = 27A3D58C2C41117200EBDC25 /* PoincaresSdkDemo */;
			targetProxy = 27A3D5B32C41117400EBDC25 /* PBXContainerItemProxy */;
		};
/* End PBXTargetDependency section */

/* Begin PBXVariantGroup section */
		27A3D5992C41117200EBDC25 /* Main.storyboard */ = {
			isa = PBXVariantGroup;
			children = (
				27A3D59A2C41117200EBDC25 /* Base */,
			);
			name = Main.storyboard;
			sourceTree = "<group>";
		};
		27A3D59E2C41117300EBDC25 /* LaunchScreen.storyboard */ = {
			isa = PBXVariantGroup;
			children = (
				27A3D59F2C41117300EBDC25 /* Base */,
			);
			name = LaunchScreen.storyboard;
			sourceTree = "<group>";
		};
/* End PBXVariantGroup section */

/* Begin XCBuildConfiguration section */
		27A3D5BA2C41117400EBDC25 /* Debug */ = {
			isa = XCBuildConfiguration;
			buildSettings = {
				ALWAYS_SEARCH_USER_PATHS = NO;
				ASSETCATALOG_COMPILER_GENERATE_SWIFT_ASSET_SYMBOL_EXTENSIONS = YES;
				CLANG_ANALYZER_NONNULL = YES;
				CLANG_ANALYZER_NUMBER_OBJECT_CONVERSION = YES_AGGRESSIVE;
				CLANG_CXX_LANGUAGE_STANDARD = "gnu++20";
				CLANG_ENABLE_MODULES = YES;
				CLANG_ENABLE_OBJC_ARC = YES;
				CLANG_ENABLE_OBJC_WEAK = YES;
				CLANG_WARN_BLOCK_CAPTURE_AUTORELEASING = YES;
				CLANG_WARN_BOOL_CONVERSION = YES;
				CLANG_WARN_COMMA = YES;
				CLANG_WARN_CONSTANT_CONVERSION = YES;
				CLANG_WARN_DEPRECATED_OBJC_IMPLEMENTATIONS = YES;
				CLANG_WARN_DIRECT_OBJC_ISA_USAGE = YES_ERROR;
				CLANG_WARN_DOCUMENTATION_COMMENTS = YES;
				CLANG_WARN_EMPTY_BODY = YES;
				CLANG_WARN_ENUM_CONVERSION = YES;
				CLANG_WARN_INFINITE_RECURSION = YES;
				CLANG_WARN_INT_CONVERSION = YES;
				CLANG_WARN_NON_LITERAL_NULL_CONVERSION = YES;
				CLANG_WARN_OBJC_IMPLICIT_RETAIN_SELF = YES;
				CLANG_WARN_OBJC_LITERAL_CONVERSION = YES;
				CLANG_WARN_OBJC_ROOT_CLASS = YES_ERROR;
				CLANG_WARN_QUOTED_INCLUDE_IN_FRAMEWORK_HEADER = YES;
				CLANG_WARN_RANGE_LOOP_ANALYSIS = YES;
				CLANG_WARN_STRICT_PROTOTYPES = YES;
				CLANG_WARN_SUSPICIOUS_MOVE = YES;
				CLANG_WARN_UNGUARDED_AVAILABILITY = YES_AGGRESSIVE;
				CLANG_WARN_UNREACHABLE_CODE = YES;
				CLANG_WARN__DUPLICATE_METHOD_MATCH = YES;
				COPY_PHASE_STRIP = NO;
				DEBUG_INFORMATION_FORMAT = dwarf;
				ENABLE_STRICT_OBJC_MSGSEND = YES;
				ENABLE_TESTABILITY = YES;
				ENABLE_USER_SCRIPT_SANDBOXING = YES;
				GCC_C_LANGUAGE_STANDARD = gnu17;
				GCC_DYNAMIC_NO_PIC = NO;
				GCC_NO_COMMON_BLOCKS = YES;
				GCC_OPTIMIZATION_LEVEL = 0;
				GCC_PREPROCESSOR_DEFINITIONS = (
					"DEBUG=1",
					"$(inherited)",
				);
				GCC_WARN_64_TO_32_BIT_CONVERSION = YES;
				GCC_WARN_ABOUT_RETURN_TYPE = YES_ERROR;
				GCC_WARN_UNDECLARED_SELECTOR = YES;
				GCC_WARN_UNINITIALIZED_AUTOS = YES_AGGRESSIVE;
				GCC_WARN_UNUSED_FUNCTION = YES;
				GCC_WARN_UNUSED_VARIABLE = YES;
				IPHONEOS_DEPLOYMENT_TARGET = 17.5;
				LOCALIZATION_PREFERS_STRING_CATALOGS = YES;
				MTL_ENABLE_DEBUG_INFO = INCLUDE_SOURCE;
				MTL_FAST_MATH = YES;
				ONLY_ACTIVE_ARCH = YES;
				SDKROOT = iphoneos;
			};
			name = Debug;
		};
		27A3D5BB2C41117400EBDC25 /* Release */ = {
			isa = XCBuildConfiguration;
			buildSettings = {
				ALWAYS_SEARCH_USER_PATHS = NO;
				ASSETCATALOG_COMPILER_GENERATE_SWIFT_ASSET_SYMBOL_EXTENSIONS = YES;
				CLANG_ANALYZER_NONNULL = YES;
				CLANG_ANALYZER_NUMBER_OBJECT_CONVERSION = YES_AGGRESSIVE;
				CLANG_CXX_LANGUAGE_STANDARD = "gnu++20";
				CLANG_ENABLE_MODULES = YES;
				CLANG_ENABLE_OBJC_ARC = YES;
				CLANG_ENABLE_OBJC_WEAK = YES;
				CLANG_WARN_BLOCK_CAPTURE_AUTORELEASING = YES;
				CLANG_WARN_BOOL_CONVERSION = YES;
				CLANG_WARN_COMMA = YES;
				CLANG_WARN_CONSTANT_CONVERSION = YES;
				CLANG_WARN_DEPRECATED_OBJC_IMPLEMENTATIONS = YES;
				CLANG_WARN_DIRECT_OBJC_ISA_USAGE = YES_ERROR;
				CLANG_WARN_DOCUMENTATION_COMMENTS = YES;
				CLANG_WARN_EMPTY_BODY = YES;
				CLANG_WARN_ENUM_CONVERSION = YES;
				CLANG_WARN_INFINITE_RECURSION = YES;
				CLANG_WARN_INT_CONVERSION = YES;
				CLANG_WARN_NON_LITERAL_NULL_CONVERSION = YES;
				CLANG_WARN_OBJC_IMPLICIT_RETAIN_SELF = YES;
				CLANG_WARN_OBJC_LITERAL_CONVERSION = YES;
				CLANG_WARN_OBJC_ROOT_CLASS = YES_ERROR;
				CLANG_WARN_QUOTED_INCLUDE_IN_FRAMEWORK_HEADER = YES;
				CLANG_WARN_RANGE_LOOP_ANALYSIS = YES;
				CLANG_WARN_STRICT_PROTOTYPES = YES;
				CLANG_WARN_SUSPICIOUS_MOVE = YES;
				CLANG_WARN_UNGUARDED_AVAILABILITY = YES_AGGRESSIVE;
				CLANG_WARN_UNREACHABLE_CODE = YES;
				CLANG_WARN__DUPLICATE_METHOD_MATCH = YES;
				COPY_PHASE_STRIP = NO;
				DEBUG_INFORMATION_FORMAT = "dwarf-with-dsym";
				ENABLE_NS_ASSERTIONS = NO;
				ENABLE_STRICT_OBJC_MSGSEND = YES;
				ENABLE_USER_SCRIPT_SANDBOXING = YES;
				GCC_C_LANGUAGE_STANDARD = gnu17;
				GCC_NO_COMMON_BLOCKS = YES;
				GCC_WARN_64_TO_32_BIT_CONVERSION = YES;
				GCC_WARN_ABOUT_RETURN_TYPE = YES_ERROR;
				GCC_WARN_UNDECLARED_SELECTOR = YES;
				GCC_WARN_UNINITIALIZED_AUTOS = YES_AGGRESSIVE;
				GCC_WARN_UNUSED_FUNCTION = YES;
				GCC_WARN_UNUSED_VARIABLE = YES;
				IPHONEOS_DEPLOYMENT_TARGET = 17.5;
				LOCALIZATION_PREFERS_STRING_CATALOGS = YES;
				MTL_ENABLE_DEBUG_INFO = NO;
				MTL_FAST_MATH = YES;
				SDKROOT = iphoneos;
				VALIDATE_PRODUCT = YES;
			};
			name = Release;
		};
		27A3D5BD2C41117400EBDC25 /* Debug */ = {
			isa = XCBuildConfiguration;
			buildSettings = {
				ASSETCATALOG_COMPILER_APPICON_NAME = AppIcon;
				ASSETCATALOG_COMPILER_GLOBAL_ACCENT_COLOR_NAME = AccentColor;
				ASSETCATALOG_COMPILER_INCLUDE_ALL_APPICON_ASSETS = NO;
				CODE_SIGN_STYLE = Automatic;
				CURRENT_PROJECT_VERSION = 1;
				DEVELOPMENT_TEAM = 9HVYFLJ597;
				FRAMEWORK_SEARCH_PATHS = (
					"$(inherited)",
					"$(PROJECT_DIR)/PoincaresSdkDemo/sdk",
				);
				GENERATE_INFOPLIST_FILE = YES;
				INFOPLIST_FILE = PoincaresSdkDemo/Info.plist;
				INFOPLIST_KEY_UIApplicationSupportsIndirectInputEvents = YES;
				INFOPLIST_KEY_UILaunchStoryboardName = LaunchScreen;
				INFOPLIST_KEY_UIMainStoryboardFile = Main;
				INFOPLIST_KEY_UISupportedInterfaceOrientations_iPad = "UIInterfaceOrientationPortrait UIInterfaceOrientationPortraitUpsideDown UIInterfaceOrientationLandscapeLeft UIInterfaceOrientationLandscapeRight";
				INFOPLIST_KEY_UISupportedInterfaceOrientations_iPhone = "UIInterfaceOrientationPortrait UIInterfaceOrientationLandscapeLeft UIInterfaceOrientationLandscapeRight";
				IPHONEOS_DEPLOYMENT_TARGET = 13.0;
				LD_RUNPATH_SEARCH_PATHS = (
					"$(inherited)",
					"@executable_path/Frameworks",
				);
				MARKETING_VERSION = 1.0;
				PRODUCT_BUNDLE_IDENTIFIER = com.poincares.PoincaresSdkDemo;
				PRODUCT_NAME = "$(TARGET_NAME)";
				SUPPORTED_PLATFORMS = "iphoneos iphonesimulator";
				SUPPORTS_MACCATALYST = NO;
				SUPPORTS_MAC_DESIGNED_FOR_IPHONE_IPAD = NO;
				SUPPORTS_XR_DESIGNED_FOR_IPHONE_IPAD = NO;
				SWIFT_EMIT_LOC_STRINGS = YES;
				TARGETED_DEVICE_FAMILY = "1,2";
			};
			name = Debug;
		};
		27A3D5BE2C41117400EBDC25 /* Release */ = {
			isa = XCBuildConfiguration;
			buildSettings = {
				ASSETCATALOG_COMPILER_APPICON_NAME = AppIcon;
				ASSETCATALOG_COMPILER_GLOBAL_ACCENT_COLOR_NAME = AccentColor;
				ASSETCATALOG_COMPILER_INCLUDE_ALL_APPICON_ASSETS = NO;
				CODE_SIGN_STYLE = Automatic;
				CURRENT_PROJECT_VERSION = 1;
				DEVELOPMENT_TEAM = 9HVYFLJ597;
				FRAMEWORK_SEARCH_PATHS = (
					"$(inherited)",
					"$(PROJECT_DIR)/PoincaresSdkDemo/sdk",
				);
				GENERATE_INFOPLIST_FILE = YES;
				INFOPLIST_FILE = PoincaresSdkDemo/Info.plist;
				INFOPLIST_KEY_UIApplicationSupportsIndirectInputEvents = YES;
				INFOPLIST_KEY_UILaunchStoryboardName = LaunchScreen;
				INFOPLIST_KEY_UIMainStoryboardFile = Main;
				INFOPLIST_KEY_UISupportedInterfaceOrientations_iPad = "UIInterfaceOrientationPortrait UIInterfaceOrientationPortraitUpsideDown UIInterfaceOrientationLandscapeLeft UIInterfaceOrientationLandscapeRight";
				INFOPLIST_KEY_UISupportedInterfaceOrientations_iPhone = "UIInterfaceOrientationPortrait UIInterfaceOrientationLandscapeLeft UIInterfaceOrientationLandscapeRight";
				IPHONEOS_DEPLOYMENT_TARGET = 13.0;
				LD_RUNPATH_SEARCH_PATHS = (
					"$(inherited)",
					"@executable_path/Frameworks",
				);
				MARKETING_VERSION = 1.0;
				PRODUCT_BUNDLE_IDENTIFIER = com.poincares.PoincaresSdkDemo;
				PRODUCT_NAME = "$(TARGET_NAME)";
				SUPPORTED_PLATFORMS = "iphoneos iphonesimulator";
				SUPPORTS_MACCATALYST = NO;
				SUPPORTS_MAC_DESIGNED_FOR_IPHONE_IPAD = NO;
				SUPPORTS_XR_DESIGNED_FOR_IPHONE_IPAD = NO;
				SWIFT_EMIT_LOC_STRINGS = YES;
				TARGETED_DEVICE_FAMILY = "1,2";
			};
			name = Release;
		};
		27A3D5C02C41117400EBDC25 /* Debug */ = {
			isa = XCBuildConfiguration;
			buildSettings = {
				BUNDLE_LOADER = "$(TEST_HOST)";
				CODE_SIGN_STYLE = Automatic;
				CURRENT_PROJECT_VERSION = 1;
				DEVELOPMENT_TEAM = 9HVYFLJ597;
				GENERATE_INFOPLIST_FILE = YES;
				IPHONEOS_DEPLOYMENT_TARGET = 17.5;
				MARKETING_VERSION = 1.0;
				PRODUCT_BUNDLE_IDENTIFIER = com.poincares.PoincaresSdkDemoTests;
				PRODUCT_NAME = "$(TARGET_NAME)";
				SWIFT_EMIT_LOC_STRINGS = NO;
				TARGETED_DEVICE_FAMILY = "1,2";
				TEST_HOST = "$(BUILT_PRODUCTS_DIR)/PoincaresSdkDemo.app/$(BUNDLE_EXECUTABLE_FOLDER_PATH)/PoincaresSdkDemo";
			};
			name = Debug;
		};
		27A3D5C12C41117400EBDC25 /* Release */ = {
			isa = XCBuildConfiguration;
			buildSettings = {
				BUNDLE_LOADER = "$(TEST_HOST)";
				CODE_SIGN_STYLE = Automatic;
				CURRENT_PROJECT_VERSION = 1;
				DEVELOPMENT_TEAM = 9HVYFLJ597;
				GENERATE_INFOPLIST_FILE = YES;
				IPHONEOS_DEPLOYMENT_TARGET = 17.5;
				MARKETING_VERSION = 1.0;
				PRODUCT_BUNDLE_IDENTIFIER = com.poincares.PoincaresSdkDemoTests;
				PRODUCT_NAME = "$(TARGET_NAME)";
				SWIFT_EMIT_LOC_STRINGS = NO;
				TARGETED_DEVICE_FAMILY = "1,2";
				TEST_HOST = "$(BUILT_PRODUCTS_DIR)/PoincaresSdkDemo.app/$(BUNDLE_EXECUTABLE_FOLDER_PATH)/PoincaresSdkDemo";
			};
			name = Release;
		};
		27A3D5C32C41117400EBDC25 /* Debug */ = {
			isa = XCBuildConfiguration;
			buildSettings = {
				CODE_SIGN_STYLE = Automatic;
				CURRENT_PROJECT_VERSION = 1;
				DEVELOPMENT_TEAM = 9HVYFLJ597;
				GENERATE_INFOPLIST_FILE = YES;
				MARKETING_VERSION = 1.0;
				PRODUCT_BUNDLE_IDENTIFIER = com.poincares.PoincaresSdkDemoUITests;
				PRODUCT_NAME = "$(TARGET_NAME)";
				SWIFT_EMIT_LOC_STRINGS = NO;
				TARGETED_DEVICE_FAMILY = "1,2";
				TEST_TARGET_NAME = PoincaresSdkDemo;
			};
			name = Debug;
		};
		27A3D5C42C41117400EBDC25 /* Release */ = {
			isa = XCBuildConfiguration;
			buildSettings = {
				CODE_SIGN_STYLE = Automatic;
				CURRENT_PROJECT_VERSION = 1;
				DEVELOPMENT_TEAM = 9HVYFLJ597;
				GENERATE_INFOPLIST_FILE = YES;
				MARKETING_VERSION = 1.0;
				PRODUCT_BUNDLE_IDENTIFIER = com.poincares.PoincaresSdkDemoUITests;
				PRODUCT_NAME = "$(TARGET_NAME)";
				SWIFT_EMIT_LOC_STRINGS = NO;
				TARGETED_DEVICE_FAMILY = "1,2";
				TEST_TARGET_NAME = PoincaresSdkDemo;
			};
			name = Release;
		};
/* End XCBuildConfiguration section */

/* Begin XCConfigurationList section */
		27A3D5882C41117200EBDC25 /* Build configuration list for PBXProject "PoincaresSdkDemo" */ = {
			isa = XCConfigurationList;
			buildConfigurations = (
				27A3D5BA2C41117400EBDC25 /* Debug */,
				27A3D5BB2C41117400EBDC25 /* Release */,
			);
			defaultConfigurationIsVisible = 0;
			defaultConfigurationName = Release;
		};
		27A3D5BC2C41117400EBDC25 /* Build configuration list for PBXNativeTarget "PoincaresSdkDemo" */ = {
			isa = XCConfigurationList;
			buildConfigurations = (
				27A3D5BD2C41117400EBDC25 /* Debug */,
				27A3D5BE2C41117400EBDC25 /* Release */,
			);
			defaultConfigurationIsVisible = 0;
			defaultConfigurationName = Release;
		};
		27A3D5BF2C41117400EBDC25 /* Build configuration list for PBXNativeTarget "PoincaresSdkDemoTests" */ = {
			isa = XCConfigurationList;
			buildConfigurations = (
				27A3D5C02C41117400EBDC25 /* Debug */,
				27A3D5C12C41117400EBDC25 /* Release */,
			);
			defaultConfigurationIsVisible = 0;
			defaultConfigurationName = Release;
		};
		27A3D5C22C41117400EBDC25 /* Build configuration list for PBXNativeTarget "PoincaresSdkDemoUITests" */ = {
			isa = XCConfigurationList;
			buildConfigurations = (
				27A3D5C32C41117400EBDC25 /* Debug */,
				27A3D5C42C41117400EBDC25 /* Release */,
			);
			defaultConfigurationIsVisible = 0;
			defaultConfigurationName = Release;
		};
/* End XCConfigurationList section */
	};
	rootObject = 27A3D5852C41117200EBDC25 /* Project object */;
}
